
Microsoft Visual Studio Solution File, Format Version 12.00
# Visual Studio 15
VisualStudioVersion = 15.0.28307.421
MinimumVisualStudioVersion = 10.0.40219.1
Project("{FAE04EC0-301F-11D3-BF4B-00C04F79EFBC}") = "PololuApi", "PololuApi\PololuApi.csproj", "{063EDEE6-8ADF-4CCD-BDA7-3381990D849A}"
EndProject
Global
	GlobalSection(SolutionConfigurationPlatforms) = preSolution
		Debug|Any CPU = Debug|Any CPU
		Release|Any CPU = Release|Any CPU
	EndGlobalSection
	GlobalSection(ProjectConfigurationPlatforms) = postSolution
		{063EDEE6-8ADF-4CCD-BDA7-3381990D849A}.Debug|Any CPU.ActiveCfg = Debug|Any CPU
		{063EDEE6-8ADF-4CCD-BDA7-3381990D849A}.Debug|Any CPU.Build.0 = Debug|Any CPU
		{063EDEE6-8ADF-4CCD-BDA7-3381990D849A}.Release|Any CPU.ActiveCfg = Release|Any CPU
		{063EDEE6-8ADF-4CCD-BDA7-3381990D849A}.Release|Any CPU.Build.0 = Release|Any CPU
	EndGlobalSection
	GlobalSection(SolutionProperties) = preSolution
		HideSolutionNode = FALSE
	EndGlobalSection
	GlobalSection(ExtensibilityGlobals) = postSolution
		SolutionGuid = {BC9D3A09-59DC-42A7-8810-356D10B4B3DC}
	EndGlobalSection
EndGlobal
